{
  "name": "zhaozhou",
  "version": "0.0.1",
  "lockfileVersion": 3,
  "requires": true,
  "packages": {
    "": {
      "name": "zhaozhou",
      "version": "0.0.1",
      "workspaces": [
        "compiler",
        "tools/abi-gen",
        "tools/ledger",
        "tools/fixgen"
      ],
      "engines": {
        "node": ">=20"
      }
    },
    "compiler": {
      "name": "@zhaozhou/compiler",
      "version": "0.0.1"
    },
    "node_modules/@zhaozhou/abi-gen": {
      "resolved": "tools/abi-gen",
      "link": true
    },
    "node_modules/@zhaozhou/compiler": {
      "resolved": "compiler",
      "link": true
    },
    "node_modules/@zhaozhou/fixgen": {
      "resolved": "tools/fixgen",
      "link": true
    },
    "node_modules/@zhaozhou/ledger": {
      "resolved": "tools/ledger",
      "link": true
    },
    "tools/abi-gen": {
      "name": "@zhaozhou/abi-gen",
      "version": "0.0.1"
    },
    "tools/fixgen": {
      "name": "@zhaozhou/fixgen",
      "version": "0.0.1"
    },
    "tools/ledger": {
      "name": "@zhaozhou/ledger",
      "version": "0.0.1"
    }
  }
}
