# design/counter_ids.lock -- counter_id = line number (0-based) of each name,
# in the order the ids were ASSIGNED. Append-only: tools/design/check_counter_ids.py
# fails if design/blocks.yml's counter_catalog does not begin with this list.
# Extend it with `python tools/design/check_counter_ids.py --update-lock`.
frame_cycles
deadline_faults
commands
meshlets_fetched
vertices_decoded
vertices_transformed
triangles_submitted
triangles_clipped
triangles_culled
lod_representation_counts
field_instructions_by_profile
progcach_hits
progcach_misses
programs_rejected
terrain_samples_evaluated
terrain_triangles_emitted
surface_stamps
surface_texels_touched
tile_references
max_tile_list_depth
covered_fragments
early_z_rejects
texture_samples
cache_hits
cache_misses
blended_fragments
soft_particles
polygon_particles
vram_bytes_by_client
hps_ddr_bytes_by_client
scanout_starvation_cycles
audio_underruns
pll_lock_lost
reset_assertions
cdc_drops
input_sequence_gaps
rumble_frames_dropped
sdram_refresh_stalls
sdram_bank_conflicts
slot_leases_granted
slot_stale_events
hps_arb_bursts_by_client
hps_arb_wait_cycles
parambuf_records_written
parambuf_chunks_allocated
parambuf_stale_handles
parambuf_overflow_frames
mipgen_samples
mipgen_writes
mipgen_aborts
residency_hits
residency_misses
residency_evictions
residency_dirty_evictions
residency_stale_events
upload_bytes
uploads_completed
crc_failures
guard_refusals
epoch_stale
fragrob_fragments
fragrob_samples
fragrob_id_errors
assemble_triangles
assemble_refused
material_hits
material_misses
material_refused
lit_vertices
degenerate_normals
depth_saturated
depth_refused
shadows_emitted
shadows_skipped
combine_fragments
combine_refused
combine_saturated
depth_vertices
depth_clamped_near
depth_clamped_far
beats_read
guard_denied
refused_footprint
prefetch_stall_cycles
island_resident
island_open_sky
island_out_of_extent
island_bad_pitch
visible_examined
visible_emitted
visible_sky
visible_out_of_extent
visible_bad_pitch
compcache_fill_records
compcache_patches_filled
compcache_patches_served
compcache_fill_overrun
compcache_lat_oob
compcache_cs_oob
pageloader_pages_loaded
pageloader_pages_faulted
pageloader_pages_refused
pageloader_crc_fails
pageloader_hdr_ident_fails
pageloader_incomplete
pageloader_guard_denied
pageloader_bridge_errs
pageloader_load_bytes
seq_records_consumed
seq_patches_issued
seq_prefetch_resident
seq_skipped_not_resident
seq_claims_issued
seq_claims_refused
seq_claims_same
seq_loads_issued
seq_loads_deferred
seq_writebacks_issued
seq_compose_slots_used
seq_pins_issued
seq_drained
seq_frame_faults
writeback_sheets_written
writeback_sheets_refused
writeback_sheets_faulted
writeback_hdr_ident_fails
writeback_guard_denied
writeback_bridge_errs
writeback_acks_ok
writeback_acks_nak
writeback_acks_unmatched
writeback_acks_after_epoch
writeback_acks_overdue
writeback_seq_conflicts
writeback_wb_bytes
writeback_outstanding_hwm
writeback_ack_wait_max_cycles
writeback_jobs_stall_cycles
loadq_accepted
loadq_issued
loadq_drained
loadq_refused
loadq_level
loadq_inflight
loadq_high_water
pagestream_lattices
pagestream_refused
pagestream_vertices
pagestream_bursts
pagestream_guard_denied
pagestream_incomplete
mipfeed_pages_mipped
mipfeed_pages_faulted
mipfeed_samples
terraincmd_sets_accepted
terraincmd_sets_refused
terraincmd_records
terraincmd_list_bytes
terraincmd_crc_fails
terraincmd_bridge_errs
primeval_jobs
primeval_points
primeval_vertices
primeval_refused_limit
primeval_skipped_view
primeval_sat_events
primeval_walk_overrun
mat_refused
combine_jobs_accepted
combine_jobs_completed
combine_saturated_add
combine_saturated_mul2x
combine_recipe_0
combine_recipe_1
combine_recipe_2
combine_recipe_3
combine_recipe_4
combine_recipe_5
combine_recipe_6
combine_recipe_7
combine_phases_issued
combine_phases_completed
aux_jobs_accepted
aux_sheet_reads
aux_local_refused
aux_jobs_completed
aux_degenerate
aux_sheet_hits
aux_sheet_misses
aux_sheet_wrong_op
aux_sheet_wrong_status
aux_sheet_wrong_src
aux_sheet_unsolicited
aux_credit_faults
triangles_shaded
degenerate_count
base_sat
degen_mismatch
cmd_dma_commands
cmd_dma_hps_ddr_bytes_by_client
cmd_dma_deadline_faults
cmd_decoder_commands
mem_sdram_vram_bytes_by_client
mem_vram_arbiter_deadline_faults
mem_guard_vram_bytes_by_client
mem_guard_hps_ddr_bytes_by_client
field_seq_earth_field_instructions_by_profile
field_seq_earth_terrain_samples_evaluated
field_seq_warp_field_instructions_by_profile
field_seq_flow_field_instructions_by_profile
field_seq_formation_field_instructions_by_profile
field_seq_stamp_field_instructions_by_profile
input_snac_input_sequence_gaps
video_mode_scanout_starvation_cycles
video_scanout_frame_cycles
video_scaler_scanout_starvation_cycles
video_framectl_frame_cycles
video_framectl_deadline_faults
measure_tokens_lod_representation_counts
measure_tokens_triangles_culled
measure_histogram_lod_representation_counts
terrain_normalmap_terrain_samples_evaluated
terrain_normals_terrain_samples_evaluated
terrain_velocity_terrain_samples_evaluated
terrain_bake_surface_texels_touched
terrain_lod_lod_representation_counts
terrain_lod_terrain_triangles_emitted
terrain_project_terrain_triangles_emitted
terrain_project_mat_refused
surface_sheet_surface_texels_touched
geom_meshfetch_triangles_culled
geom_assetfetch_meshlets_fetched
geom_pose_cache_hits
geom_pose_cache_misses
geom_skin_norm_vertices_transformed
geom_warp_vertices_transformed
geom_wcache_cache_hits
geom_wcache_cache_misses
geom_wcache_vertices_transformed
geom_project_vertices_transformed
geom_clip_triangles_submitted
geom_binner_triangles_culled
raster_tilestore_tile_references
raster_earlyz_covered_fragments
raster_fragment_covered_fragments
raster_resolve_tile_references
mosaic_picks
part_state_hps_ddr_bytes_by_client
part_update_polygon_particles
part_update_soft_particles
part_collide_polygon_particles
part_collide_soft_particles
part_spawn_polygon_particles
part_ladder_lod_representation_counts
part_ladder_polygon_particles
part_ladder_soft_particles
part_expand_polygon_particles
forge_prim_triangles_submitted
forge_cliff_triangles_submitted
twod_plane_blended_fragments
twod_sprite_blended_fragments
sprite_texels
post_gather_vram_bytes_by_client
post_composite_covered_fragments
post_composite_blended_fragments
post_echo_vram_bytes_by_client
debug_counters_frame_cycles
debug_crc_tile_references
debug_frameblit_hps_ddr_bytes_by_client
debug_trace_commands
geom_loom_nodes_transformed
geom_replay_triangles_out
geom_replay_refused
geom_replay_missed
geom_replay_att_skew
geom_replay_profile_mixed
forge_shadow_no_ground
forge_shadow_zero_radius
forge_shadow_far_rung
forge_shadow_tap_protocol
forge_prim_jobs
forge_prim_triangles
forge_prim_refused_family
forge_prim_refused_limit
forge_prim_skipped_view
