# Standalone Phase-2 shell characterization only.
# 5CSEBA6U23I7 is a PROVISIONAL capacity/timing target, not board truth.
# No framework files, PLLs, or physical pin assignments belong in this project.

set_global_assignment -name FAMILY "Cyclone V"
set_global_assignment -name DEVICE 5CSEBA6U23I7
set_global_assignment -name TOP_LEVEL_ENTITY zhao_shell_top
set_global_assignment -name PROJECT_OUTPUT_DIRECTORY output_files
set_global_assignment -name SDC_FILE zhao_shell_fit.sdc
# Exclude generated verification-only open-array helpers from Quartus 17's
# parser; the shell cone uses the guarded synthesizable ABI declarations.
set_global_assignment -name VERILOG_MACRO "QUARTUS_SYNTHESIS=1"

# Reproducible fixed-seed characterization settings supported by Quartus 17.0.2.
set_global_assignment -name NUM_PARALLEL_PROCESSORS 4
set_global_assignment -name SEED 1
# THE FITTER WAS NEVER ASKED TO OPTIMISE FOR SPEED.
# Sixteen rounds of RTL surgery ran against OPTIMIZATION_MODE
# "BALANCED", which trades Fmax against area and compile time. Three
# seeds on one commit gave three DIFFERENT limiter blocks (cmd_dma,
# tilestore, Early-Z), which is the signature of many paths at similar
# slack and no dominant structure -- exactly the case where a GLOBAL
# fitter directive is worth more than another local rewrite.
#
# FITTER_EFFORT stays STANDARD FIT: that is already the full-effort
# setting, and AUTO FIT would REDUCE effort once timing is met.
#
# Verify it was honoured, do not assume it: the fitter's own settings
# table must echo it back. An assignment Quartus silently ignores looks
# exactly like one that did not help, which is how `multstyle` was
# believed for weeks.
set_global_assignment -name OPTIMIZATION_MODE "HIGH PERFORMANCE EFFORT"

# AND SYNTHESIS WAS NOT ASKED EITHER. OPTIMIZATION_TECHNIQUE is a
# SEPARATE knob from OPTIMIZATION_MODE above -- that one steers the
# fitter, this one steers quartus_map -- and a Tcl query showed it still
# sitting at BALANCED after the fitter change landed.
#
# Queried rather than guessed, via get_global_assignment, because the
# only reason the fitter setting was ever found is that the three-seed
# result forced a look at the apparatus. The same query also reports
# PHYSICAL_SYNTHESIS_REGISTER_DUPLICATION OFF and PHYSICAL_SYNTHESIS_
# EFFORT NORMAL, both untried and both left alone for now: ONE VARIABLE
# AT A TIME, or the next measurement cannot be attributed to anything.
# MEASURED AND REVERTED, seed 3, paired against the perf-mode fit:
#
#                       BALANCED      SPEED
#     gpu_clk Fmax      99.50 MHz     96.49 MHz    -3.01
#     worst slack       -0.050 ns     -0.364 ns
#     failing endpoints         1            35
#     ALMs                  13146         13293    +147
#
# Worse on every metric. The likely mechanism is that SPEED synthesis
# duplicates and flattens logic to shorten paths, handing the fitter a
# LARGER netlist to place -- and the fitter is already at HIGH
# PERFORMANCE EFFORT. The two work against each other rather than
# compounding, which is not obvious in advance and is why it was
# measured rather than assumed.
#
# CAVEAT, because it weakens the evidence and should be stated: changing
# synthesis changes the NETLIST, so `same seed` is a weaker control here
# than for the fitter-only change -- the placement problem itself is
# different. One seed. But the result is negative on Fmax, endpoint
# count AND area at once, and a change must earn its place.
set_global_assignment -name OPTIMIZATION_TECHNIQUE BALANCED

# The last apparatus knob with a plausible mechanism for the remaining
# 0.050 ns. Physical-synthesis register duplication runs on the
# POST-SYNTHESIS netlist during fitting and splits high-fanout
# registers so copies sit near their loads -- a different lever from
# OPTIMIZATION_TECHNIQUE=SPEED, which was measured at -3.01 MHz above
# and reverted. Duplication adds registers rather than combinational
# logic, so it does not enlarge the netlist the same way.
#
# Relevant here because the design has known wide-fanout control: the
# gpu_clk enable drives 13933 loads, and `rs_state` and `ts_clear` reach
# across module boundaries into EARLY-Z and TILESTORE -- both of which
# have held the worst path at one seed or another.
#
# VERIFY IT IS HONOURED. Quartus Lite restricts some physical-synthesis
# features, and an ignored assignment looks exactly like one that did
# not help. Read it back from the fitter's own settings table.
# MEASURED AND REMOVED: it was honoured and it changed NOTHING.
#
#                     without        with
#     Fmax            99.50 MHz      99.50 MHz
#     worst slack     -0.050 ns      -0.050 ns
#     endpoints               1              1
#     ALMs                13146          13146
#     limiter        earlyz -0.050   earlyz -0.050
#
# Bit-identical down to the ALM count, and the fitter DID report
# `Perform Register Duplication for Performance : On`. The likely
# reason is that OPTIMIZATION_MODE=HIGH PERFORMANCE EFFORT already
# enables it -- that same report shows `Physical Synthesis for
# Combinational Logic for Performance : On` against a default of Off,
# and nothing here ever set that.
#
# Removed rather than left in. A setting that is reported On while
# changing nothing is worse than no setting: it reads as a lever that
# has already been pulled, and the next person to look for headroom
# crosses it off without testing it.
#
# THIS CLOSES THE APPARATUS AUDIT. Every fitter and synthesis knob has
# now been measured: OPTIMIZATION_MODE (+2.08 MHz, KEPT),
# OPTIMIZATION_TECHNIQUE (-3.01, reverted), register duplication (nil).
# PHYSICAL_SYNTHESIS_EFFORT stays NORMAL: it scales physical synthesis
# that is already running and showed no headroom to scale.
set_global_assignment -name FITTER_EFFORT "STANDARD FIT"

# Exact ZHAO_SHELL_RTL cone from tests/CMakeLists.txt, in the same order.
# ---- shell source cone -----------------------------------------------------
# GENERATED FROM set(ZHAO_SHELL_RTL ...) in tests/CMakeLists.txt, IN ORDER.
# run_shell_fit.ps1 asserts parity against that list element by element, so
# the fit and the simulation lane cannot compile different sets -- and the
# ORDER is part of the assertion, not a formatting preference.
#
# This list was 14 sources short until 2026-08-31: zhao_shell_top instantiates
# zhao_geom_bin_pipe and zhao_raster_fbwrite, CMake had followed the render
# path when it was wired in, and this project had not. The parity check is
# exactly what caught it, on the first fit attempted since.
set_global_assignment -name SYSTEMVERILOG_FILE ../../rtl/generated/zhao_abi_pkg.sv
set_global_assignment -name SYSTEMVERILOG_FILE ../../rtl/common/zhao_pkg.sv
set_global_assignment -name SYSTEMVERILOG_FILE ../../rtl/memory/zhao_sdram_params_pkg.sv
set_global_assignment -name SYSTEMVERILOG_FILE ../../rtl/common/zhao_crc32c_fold.sv
set_global_assignment -name SYSTEMVERILOG_FILE ../../rtl/common/zhao_cdc_snapshot.sv
set_global_assignment -name SYSTEMVERILOG_FILE ../../rtl/video/zhao_video_mode.sv
set_global_assignment -name SYSTEMVERILOG_FILE ../../rtl/video/zhao_video_framectl.sv
set_global_assignment -name SYSTEMVERILOG_FILE ../../rtl/video/zhao_video_scaler.sv
set_global_assignment -name SYSTEMVERILOG_FILE ../../rtl/video/zhao_scanout_fetch.sv
set_global_assignment -name SYSTEMVERILOG_FILE ../../rtl/common/zhao_dc_sdp_ram.sv
set_global_assignment -name SYSTEMVERILOG_FILE ../../rtl/video/zhao_scanout_linebuf.sv
set_global_assignment -name SYSTEMVERILOG_FILE ../../rtl/video/zhao_scanout_serializer.sv
set_global_assignment -name SYSTEMVERILOG_FILE ../../rtl/video/zhao_video_scanout.sv
set_global_assignment -name SYSTEMVERILOG_FILE ../../rtl/command/zhao_cmd_scheduler.sv
set_global_assignment -name SYSTEMVERILOG_FILE ../../rtl/command/zhao_cmd_dma.sv
set_global_assignment -name SYSTEMVERILOG_FILE ../../rtl/debug/zhao_debug_counters.sv
set_global_assignment -name SYSTEMVERILOG_FILE ../../rtl/debug/zhao_debug_crc.sv
set_global_assignment -name SYSTEMVERILOG_FILE ../../rtl/input/zhao_input_snapshot.sv
set_global_assignment -name SYSTEMVERILOG_FILE ../../rtl/input/zhao_input_rumble.sv
set_global_assignment -name SYSTEMVERILOG_FILE ../../rtl/audio/zhao_audio_fifo.sv
set_global_assignment -name SYSTEMVERILOG_FILE ../../rtl/memory/zhao_sdram_ctrl.sv
set_global_assignment -name SYSTEMVERILOG_FILE ../../rtl/memory/zhao_vram_arbiter.sv
set_global_assignment -name SYSTEMVERILOG_FILE ../../rtl/memory/zhao_mem_guard.sv
set_global_assignment -name SYSTEMVERILOG_FILE ../../rtl/memory/zhao_hps_bridge.sv
set_global_assignment -name SYSTEMVERILOG_FILE ../../rtl/memory/zhao_hps_arbiter.sv
set_global_assignment -name SYSTEMVERILOG_FILE ../../rtl/debug/zhao_debug_frameblit.sv
set_global_assignment -name SYSTEMVERILOG_FILE ../../rtl/video/zhao_video_slotmgr.sv
set_global_assignment -name SYSTEMVERILOG_FILE ../../rtl/raster/zhao_raster_fbwrite.sv
set_global_assignment -name SYSTEMVERILOG_FILE ../../rtl/geometry/zhao_geom_bin_pipe.sv
set_global_assignment -name SYSTEMVERILOG_FILE ../../rtl/geometry/zhao_geom_binner.sv
set_global_assignment -name SYSTEMVERILOG_FILE ../../rtl/geometry/zhao_geom_arena.sv
set_global_assignment -name SYSTEMVERILOG_FILE ../../rtl/raster/zhao_raster_tile_pipe.sv
set_global_assignment -name SYSTEMVERILOG_FILE ../../rtl/common/zhao_skid2.sv
set_global_assignment -name SYSTEMVERILOG_FILE ../../rtl/raster/zhao_raster_edgewalk.sv
set_global_assignment -name SYSTEMVERILOG_FILE ../../rtl/raster/zhao_raster_earlyz.sv
set_global_assignment -name SYSTEMVERILOG_FILE ../../rtl/raster/zhao_raster_fragment.sv
set_global_assignment -name SYSTEMVERILOG_FILE ../../rtl/raster/zhao_raster_tilestore.sv
set_global_assignment -name SYSTEMVERILOG_FILE ../../rtl/raster/zhao_raster_resolve.sv
set_global_assignment -name SYSTEMVERILOG_FILE ../../rtl/raster/zhao_raster_blend.sv
set_global_assignment -name SYSTEMVERILOG_FILE ../../rtl/raster/zhao_raster_blend_prod.sv
set_global_assignment -name SYSTEMVERILOG_FILE ../../rtl/raster/zhao_raster_blend_fin.sv
set_global_assignment -name SYSTEMVERILOG_FILE ../../rtl/raster/zhao_raster_div255.sv
set_global_assignment -name SYSTEMVERILOG_FILE ../../rtl/raster/zhao_raster_quant.sv
set_global_assignment -name SYSTEMVERILOG_FILE ../../rtl/raster/zhao_raster_fill.sv
# ---- D22 staircase: blocks the shell BENCH composes ------------------------
# Not instantiated by zhao_shell_top -- tb_zhao_shell instantiates them so the
# shell's input boundary can move backwards one block at a time and the same
# triangle be drawn both ways. Listed here anyway, because of the gate that
# caught their absence:
#
#   "A module missing from the QSF builds and tests green under Verilator and
#    cannot be elaborated by Quartus at all."
#
# GEOM.SETUP (step 1) went into tests/CMakeLists.txt and NOT here, so
# source_list_parity had been failing since.
#
# THE ORDER MATTERS AND IS NOT DEPENDENCY ORDER. It is tests/CMakeLists.txt's
# order, index for index, because run_shell_fit.ps1 compares the two lists
# positionally and refuses to run the fit when they differ -- so a swap is
# green under Verilator and fatal at the fit. The parity gate checks the order
# too, and caught this on the first attempt.
set_global_assignment -name SYSTEMVERILOG_FILE ../../rtl/geometry/zhao_geom_setup.sv
set_global_assignment -name SYSTEMVERILOG_FILE ../../rtl/geometry/zhao_geom_project.sv
set_global_assignment -name SYSTEMVERILOG_FILE ../../rtl/geometry/zhao_geom_clip.sv
set_global_assignment -name SYSTEMVERILOG_FILE ../../rtl/geometry/zhao_geom_depthquant.sv
set_global_assignment -name SYSTEMVERILOG_FILE ../../rtl/raster/zhao_raster_rcp24_svc.sv
set_global_assignment -name SYSTEMVERILOG_FILE ../../rtl/field/zhao_field_rcp24_rom.sv
set_global_assignment -name SYSTEMVERILOG_FILE ../../rtl/common/zhao_shell_top.sv
# Added 2026-08-21 with the DEBUG.FRAMEBLIT integration (steps 4-6). These three
# were wired into zhao_shell_top and the CMake source list, and NOT here -- so
# Verilator built the shell fine while Quartus could not resolve u_slotmgr at
# all, failing every block fit whose cone reaches the shell and blocking the
# composed fit outright.
#
# TWO SOURCE LISTS FOR ONE DESIGN is the defect. This QSF and the CMake
# ZHAO_SHELL_RTL list must name the same files; nothing checks that they do,
# which is why the drift went unnoticed until a fit was attempted.

# zhao_shell_top instantiates zhao_geom_bin_pipe and zhao_raster_fbwrite (the
# render client on client_req[2]). Until 2026-08-31 this project did not list
# them or their closure, so the composed fit could not have elaborated -- it
# would have failed on the first missing module. The shell cone gained the
# render path when it was wired in; the fit project did not follow it.
#
# This is the closure of those two, taken from ZHAO_GEOM_BIN_PIPE_SV in
# tests/CMakeLists.txt so the fit and the simulation lane compile the same
# set rather than two lists that drift.

# The simulation harness interface is intentionally virtual. This prevents the
# characterization project from inventing a package pinout or exhausting I/O;
# zhao_shell_top remains the top and its complete port/logic cone remains present.
#
# EVERY PORT NAMED, rather than `-to *`, and the reason is peak memory.
#
# A wildcard instance assignment is matched against EVERY NODE NAME IN THE
# DESIGN, not against the top-level ports it was meant for. So `-to *` made
# Quartus carry a VIRTUAL_PIN candidacy for every internal net in the cone,
# which is a database entry each and a pattern match each. The composed map
# committed 28.4 GB and thrashed against 24 GB of RAM (measured 2026-08-18) for
# a design whose whole cone is video, command, debug, input, audio and memory
# blocks -- no terrain, texture, geometry or raster. A few thousand ALMs should
# not need 28 GB, and the wildcard is the reason it did.
#
# These are the 101 ports of zhao_shell_top, generated from its declaration.
# Naming a bus applies the assignment to all of its bits. If the port list
# changes, regenerate: the source of truth is the module header, and a missing
# port becomes a real pin and fails the fit loudly rather than silently.
set_instance_assignment -name VIRTUAL_PIN ON -to gpu_clk
set_instance_assignment -name VIRTUAL_PIN ON -to vid_clk
set_instance_assignment -name VIRTUAL_PIN ON -to audio_clk
set_instance_assignment -name VIRTUAL_PIN ON -to rst_n
set_instance_assignment -name VIRTUAL_PIN ON -to hps_state_i
set_instance_assignment -name VIRTUAL_PIN ON -to hps_byte_len_i
set_instance_assignment -name VIRTUAL_PIN ON -to ring_wr_valid_o
set_instance_assignment -name VIRTUAL_PIN ON -to ring_wr_slot_o
set_instance_assignment -name VIRTUAL_PIN ON -to ring_wr_state_o
set_instance_assignment -name VIRTUAL_PIN ON -to ring_wr_ready_i
set_instance_assignment -name VIRTUAL_PIN ON -to hps_req_valid_o
set_instance_assignment -name VIRTUAL_PIN ON -to hps_req_write_o
set_instance_assignment -name VIRTUAL_PIN ON -to hps_req_addr_o
set_instance_assignment -name VIRTUAL_PIN ON -to hps_req_len_o
set_instance_assignment -name VIRTUAL_PIN ON -to hps_req_grant_i
set_instance_assignment -name VIRTUAL_PIN ON -to hps_wr_valid_o
set_instance_assignment -name VIRTUAL_PIN ON -to hps_wr_data_o
set_instance_assignment -name VIRTUAL_PIN ON -to hps_wr_last_o
set_instance_assignment -name VIRTUAL_PIN ON -to hps_rd_valid_i
set_instance_assignment -name VIRTUAL_PIN ON -to hps_rd_data_i
set_instance_assignment -name VIRTUAL_PIN ON -to hps_rd_last_i
set_instance_assignment -name VIRTUAL_PIN ON -to pad_present_i
set_instance_assignment -name VIRTUAL_PIN ON -to pad_buttons_i
set_instance_assignment -name VIRTUAL_PIN ON -to pad_lx_i
set_instance_assignment -name VIRTUAL_PIN ON -to pad_ly_i
set_instance_assignment -name VIRTUAL_PIN ON -to pad_rx_i
set_instance_assignment -name VIRTUAL_PIN ON -to pad_ry_i
set_instance_assignment -name VIRTUAL_PIN ON -to aud_wr_valid_i
set_instance_assignment -name VIRTUAL_PIN ON -to aud_wr_l_i
set_instance_assignment -name VIRTUAL_PIN ON -to aud_wr_r_i
set_instance_assignment -name VIRTUAL_PIN ON -to aud_wr_ready_o
set_instance_assignment -name VIRTUAL_PIN ON -to aud_refill_req_o
set_instance_assignment -name VIRTUAL_PIN ON -to aud_occupancy_o
set_instance_assignment -name VIRTUAL_PIN ON -to pcm_valid_o
set_instance_assignment -name VIRTUAL_PIN ON -to pcm_l_o
set_instance_assignment -name VIRTUAL_PIN ON -to pcm_r_o
set_instance_assignment -name VIRTUAL_PIN ON -to underrun_status_o
set_instance_assignment -name VIRTUAL_PIN ON -to audio_underruns_o
set_instance_assignment -name VIRTUAL_PIN ON -to px_valid_o
set_instance_assignment -name VIRTUAL_PIN ON -to px_rgb_o
set_instance_assignment -name VIRTUAL_PIN ON -to px_x_o
set_instance_assignment -name VIRTUAL_PIN ON -to px_y_o
set_instance_assignment -name VIRTUAL_PIN ON -to px_hsync_o
set_instance_assignment -name VIRTUAL_PIN ON -to px_vsync_o
set_instance_assignment -name VIRTUAL_PIN ON -to px_hblank_o
set_instance_assignment -name VIRTUAL_PIN ON -to px_vblank_o
set_instance_assignment -name VIRTUAL_PIN ON -to scaler_violation_o
set_instance_assignment -name VIRTUAL_PIN ON -to crc_frame_o
set_instance_assignment -name VIRTUAL_PIN ON -to crc_valid_o
set_instance_assignment -name VIRTUAL_PIN ON -to crc_bytes_o
set_instance_assignment -name VIRTUAL_PIN ON -to crc_size_err_o
set_instance_assignment -name VIRTUAL_PIN ON -to gpu_tick_o
set_instance_assignment -name VIRTUAL_PIN ON -to gpu_tick_frame_id_o
set_instance_assignment -name VIRTUAL_PIN ON -to gpu_tick_repeated_o
set_instance_assignment -name VIRTUAL_PIN ON -to gpu_complete_slot_o
set_instance_assignment -name VIRTUAL_PIN ON -to deadline_faults_o
set_instance_assignment -name VIRTUAL_PIN ON -to frame_cycles_o
set_instance_assignment -name VIRTUAL_PIN ON -to slot_state_o
set_instance_assignment -name VIRTUAL_PIN ON -to fence_valid_o
set_instance_assignment -name VIRTUAL_PIN ON -to fence_slot_o
set_instance_assignment -name VIRTUAL_PIN ON -to fence_ok_o
set_instance_assignment -name VIRTUAL_PIN ON -to fence_status_o
set_instance_assignment -name VIRTUAL_PIN ON -to mode_act_o
set_instance_assignment -name VIRTUAL_PIN ON -to dma_done_o
set_instance_assignment -name VIRTUAL_PIN ON -to dma_status_o
set_instance_assignment -name VIRTUAL_PIN ON -to blit_done_o
set_instance_assignment -name VIRTUAL_PIN ON -to blit_status_o
set_instance_assignment -name VIRTUAL_PIN ON -to pad_frame_flat_o
set_instance_assignment -name VIRTUAL_PIN ON -to pad_sequence_o
set_instance_assignment -name VIRTUAL_PIN ON -to input_gaps_o
set_instance_assignment -name VIRTUAL_PIN ON -to rumble_duty_o
set_instance_assignment -name VIRTUAL_PIN ON -to rumble_active_o
set_instance_assignment -name VIRTUAL_PIN ON -to rumble_pwm_o
set_instance_assignment -name VIRTUAL_PIN ON -to rumble_drops_o
set_instance_assignment -name VIRTUAL_PIN ON -to cnt_snap_ready_i
set_instance_assignment -name VIRTUAL_PIN ON -to cnt_snap_valid_o
set_instance_assignment -name VIRTUAL_PIN ON -to cnt_snap_id_o
set_instance_assignment -name VIRTUAL_PIN ON -to cnt_snap_value_o
set_instance_assignment -name VIRTUAL_PIN ON -to cnt_window_open_o
set_instance_assignment -name VIRTUAL_PIN ON -to cnt_cat_violation_o
set_instance_assignment -name VIRTUAL_PIN ON -to guard_violations_o
set_instance_assignment -name VIRTUAL_PIN ON -to starvation_o
set_instance_assignment -name VIRTUAL_PIN ON -to init_done_o
set_instance_assignment -name VIRTUAL_PIN ON -to refresh_stalls_o
set_instance_assignment -name VIRTUAL_PIN ON -to bank_conflicts_o
set_instance_assignment -name VIRTUAL_PIN ON -to scanout_preempted_o
set_instance_assignment -name VIRTUAL_PIN ON -to hps_err_count_o
set_instance_assignment -name VIRTUAL_PIN ON -to shell_err_wfifo_o
set_instance_assignment -name VIRTUAL_PIN ON -to shell_err_route_o
set_instance_assignment -name VIRTUAL_PIN ON -to shell_err_cdc_o
set_instance_assignment -name VIRTUAL_PIN ON -to shell_err_framer_o
set_instance_assignment -name VIRTUAL_PIN ON -to phy_cs_n_o
set_instance_assignment -name VIRTUAL_PIN ON -to phy_ras_n_o
set_instance_assignment -name VIRTUAL_PIN ON -to phy_cas_n_o
set_instance_assignment -name VIRTUAL_PIN ON -to phy_we_n_o
set_instance_assignment -name VIRTUAL_PIN ON -to phy_a_o
set_instance_assignment -name VIRTUAL_PIN ON -to phy_ba_o
set_instance_assignment -name VIRTUAL_PIN ON -to phy_dq_o
set_instance_assignment -name VIRTUAL_PIN ON -to phy_dq_oe_o
set_instance_assignment -name VIRTUAL_PIN ON -to phy_dqm_o
set_instance_assignment -name VIRTUAL_PIN ON -to phy_dq_i

# ---- the render path's ports ----------------------------------------------
# Added 2026-08-31. zhao_shell_top gained 40 ports when the render client was
# wired onto client_req[2], and this list did not follow. Without them Quartus
# treats each as a real pad: the fitter reported 742 IO input pads against 315
# available on the 5CSEBA6U23I7 and refused the design. They are wires in the
# composed machine, not pins, exactly like the 101 already here.
#
# THE WILDCARD IS STILL FORBIDDEN. `-to *` matched every internal net and drove
# the map to 28.4 GB (see the header). These are named explicitly for the same
# reason the first 101 are.
set_instance_assignment -name VIRTUAL_PIN ON -to render_frame_begin_i
set_instance_assignment -name VIRTUAL_PIN ON -to render_frame_end_i
set_instance_assignment -name VIRTUAL_PIN ON -to render_grid_w_i
set_instance_assignment -name VIRTUAL_PIN ON -to render_grid_h_i
set_instance_assignment -name VIRTUAL_PIN ON -to render_tri_valid_i
set_instance_assignment -name VIRTUAL_PIN ON -to render_tri_ready_o
set_instance_assignment -name VIRTUAL_PIN ON -to render_kx0_i
set_instance_assignment -name VIRTUAL_PIN ON -to render_kc0_i
set_instance_assignment -name VIRTUAL_PIN ON -to render_kx1_i
set_instance_assignment -name VIRTUAL_PIN ON -to render_kc1_i
set_instance_assignment -name VIRTUAL_PIN ON -to render_kx2_i
set_instance_assignment -name VIRTUAL_PIN ON -to render_kc2_i
set_instance_assignment -name VIRTUAL_PIN ON -to render_tl_i
set_instance_assignment -name VIRTUAL_PIN ON -to render_ax_i
set_instance_assignment -name VIRTUAL_PIN ON -to render_bx_i
set_instance_assignment -name VIRTUAL_PIN ON -to render_cx_i
set_instance_assignment -name VIRTUAL_PIN ON -to render_min_x_i
set_instance_assignment -name VIRTUAL_PIN ON -to render_min_y_i
set_instance_assignment -name VIRTUAL_PIN ON -to render_src_id_i
set_instance_assignment -name VIRTUAL_PIN ON -to render_fill_word_i
set_instance_assignment -name VIRTUAL_PIN ON -to render_clear_word_i
set_instance_assignment -name VIRTUAL_PIN ON -to render_state_i
set_instance_assignment -name VIRTUAL_PIN ON -to render_src_a_i
set_instance_assignment -name VIRTUAL_PIN ON -to render_texel_rgb_i
set_instance_assignment -name VIRTUAL_PIN ON -to render_texel_a_i
set_instance_assignment -name VIRTUAL_PIN ON -to render_texel_idx_i
set_instance_assignment -name VIRTUAL_PIN ON -to render_fb_base_i
set_instance_assignment -name VIRTUAL_PIN ON -to render_fb_stride_i
set_instance_assignment -name VIRTUAL_PIN ON -to fb_writer_i
set_instance_assignment -name VIRTUAL_PIN ON -to render_drain_done_o
set_instance_assignment -name VIRTUAL_PIN ON -to render_busy_o
set_instance_assignment -name VIRTUAL_PIN ON -to render_pixels_o
set_instance_assignment -name VIRTUAL_PIN ON -to render_bursts_o
set_instance_assignment -name VIRTUAL_PIN ON -to render_stream_error_o
set_instance_assignment -name VIRTUAL_PIN ON -to render_drained_o
set_instance_assignment -name VIRTUAL_PIN ON -to render_fatal_o
set_instance_assignment -name VIRTUAL_PIN ON -to render_issued_words_o
set_instance_assignment -name VIRTUAL_PIN ON -to render_retired_words_o
set_instance_assignment -name VIRTUAL_PIN ON -to render_overflow_o
set_instance_assignment -name VIRTUAL_PIN ON -to render_fragment_error_o

# ---- the UNPACKED ARRAY ports, element by element --------------------------
# Ten of the shell's ports are arrays -- `input logic [1:0] hps_state_i [0:2]`
# and friends. Quartus expands those into hps_state_i[0], [1], [2], and a
# VIRTUAL_PIN written against the bare name does not match the expansion.
#
# With the bare names alone the fitter still reported
#   Error (179000): Design requires 156 user-specified I/O pins -- too many
#                   to fit in the 145 user I/O pin locations available
# down from 742, so the bare names DID cover every ordinary port. These are the
# remainder. Named per element, because the wildcard is forbidden.
set_instance_assignment -name VIRTUAL_PIN ON -to hps_state_i[0]
set_instance_assignment -name VIRTUAL_PIN ON -to hps_state_i[1]
set_instance_assignment -name VIRTUAL_PIN ON -to hps_state_i[2]
set_instance_assignment -name VIRTUAL_PIN ON -to hps_byte_len_i[0]
set_instance_assignment -name VIRTUAL_PIN ON -to hps_byte_len_i[1]
set_instance_assignment -name VIRTUAL_PIN ON -to hps_byte_len_i[2]
set_instance_assignment -name VIRTUAL_PIN ON -to pad_buttons_i[0]
set_instance_assignment -name VIRTUAL_PIN ON -to pad_buttons_i[1]
set_instance_assignment -name VIRTUAL_PIN ON -to pad_buttons_i[2]
set_instance_assignment -name VIRTUAL_PIN ON -to pad_buttons_i[3]
set_instance_assignment -name VIRTUAL_PIN ON -to pad_lx_i[0]
set_instance_assignment -name VIRTUAL_PIN ON -to pad_lx_i[1]
set_instance_assignment -name VIRTUAL_PIN ON -to pad_lx_i[2]
set_instance_assignment -name VIRTUAL_PIN ON -to pad_lx_i[3]
set_instance_assignment -name VIRTUAL_PIN ON -to pad_ly_i[0]
set_instance_assignment -name VIRTUAL_PIN ON -to pad_ly_i[1]
set_instance_assignment -name VIRTUAL_PIN ON -to pad_ly_i[2]
set_instance_assignment -name VIRTUAL_PIN ON -to pad_ly_i[3]
set_instance_assignment -name VIRTUAL_PIN ON -to pad_rx_i[0]
set_instance_assignment -name VIRTUAL_PIN ON -to pad_rx_i[1]
set_instance_assignment -name VIRTUAL_PIN ON -to pad_rx_i[2]
set_instance_assignment -name VIRTUAL_PIN ON -to pad_rx_i[3]
set_instance_assignment -name VIRTUAL_PIN ON -to pad_ry_i[0]
set_instance_assignment -name VIRTUAL_PIN ON -to pad_ry_i[1]
set_instance_assignment -name VIRTUAL_PIN ON -to pad_ry_i[2]
set_instance_assignment -name VIRTUAL_PIN ON -to pad_ry_i[3]
set_instance_assignment -name VIRTUAL_PIN ON -to slot_state_o[0]
set_instance_assignment -name VIRTUAL_PIN ON -to slot_state_o[1]
set_instance_assignment -name VIRTUAL_PIN ON -to slot_state_o[2]
set_instance_assignment -name VIRTUAL_PIN ON -to pad_sequence_o[0]
set_instance_assignment -name VIRTUAL_PIN ON -to pad_sequence_o[1]
set_instance_assignment -name VIRTUAL_PIN ON -to pad_sequence_o[2]
set_instance_assignment -name VIRTUAL_PIN ON -to pad_sequence_o[3]
set_instance_assignment -name VIRTUAL_PIN ON -to rumble_duty_o[0]
set_instance_assignment -name VIRTUAL_PIN ON -to rumble_duty_o[1]
set_instance_assignment -name VIRTUAL_PIN ON -to rumble_duty_o[2]
set_instance_assignment -name VIRTUAL_PIN ON -to rumble_duty_o[3]

# ---- ports declared TWO TO A LINE ------------------------------------------
# `input logic signed [22:0] render_kx0_i, render_ky0_i,` declares two ports.
# The scan that produced the list above took only the first name on each line,
# so render_ky0_i, render_ay_i, render_max_x_i and their kind were never
# virtualised -- and they are exactly the 156 pins the fitter kept refusing:
#
#   ; render_max_x_i[0]  ; Incomplete set of assignments ;
#   ; render_ky0_i[0]    ; Incomplete set of assignments ;
#
# Read out of the fitter's own I/O Assignment Warnings table, after three
# rounds of guessing at the number failed to move it.
set_instance_assignment -name VIRTUAL_PIN ON -to render_ky0_i
set_instance_assignment -name VIRTUAL_PIN ON -to render_ky1_i
set_instance_assignment -name VIRTUAL_PIN ON -to render_ky2_i
set_instance_assignment -name VIRTUAL_PIN ON -to render_ay_i
set_instance_assignment -name VIRTUAL_PIN ON -to render_by_i
set_instance_assignment -name VIRTUAL_PIN ON -to render_cy_i
set_instance_assignment -name VIRTUAL_PIN ON -to render_max_x_i
set_instance_assignment -name VIRTUAL_PIN ON -to render_max_y_i

set_global_assignment -name LAST_QUARTUS_VERSION "17.0.2 Lite Edition"
